
Microsoft Visual Studio Solution File, Format Version 12.00
# Visual Studio Version 17
VisualStudioVersion = 17.7.34024.191
MinimumVisualStudioVersion = 10.0.40219.1
Project("{FAE04EC0-301F-11D3-BF4B-00C04F79EFBC}") = "DoctorSoftwareApp", "DoctorSoftwareApp.csproj", "{311C4FCA-F8F8-406D-BAD5-139FAD88C12B}"
EndProject
Global
	GlobalSection(SolutionConfigurationPlatforms) = preSolution
		Debug|Any CPU = Debug|Any CPU
		Release|Any CPU = Release|Any CPU
	EndGlobalSection
	GlobalSection(ProjectConfigurationPlatforms) = postSolution
		{311C4FCA-F8F8-406D-BAD5-139FAD88C12B}.Debug|Any CPU.ActiveCfg = Debug|Any CPU
		{311C4FCA-F8F8-406D-BAD5-139FAD88C12B}.Debug|Any CPU.Build.0 = Debug|Any CPU
		{311C4FCA-F8F8-406D-BAD5-139FAD88C12B}.Release|Any CPU.ActiveCfg = Release|Any CPU
		{311C4FCA-F8F8-406D-BAD5-139FAD88C12B}.Release|Any CPU.Build.0 = Release|Any CPU
	EndGlobalSection
	GlobalSection(SolutionProperties) = preSolution
		HideSolutionNode = FALSE
	EndGlobalSection
	GlobalSection(ExtensibilityGlobals) = postSolution
		SolutionGuid = {E0AAF2B9-E42E-4F8B-ABA4-0923C128D06E}
	EndGlobalSection
EndGlobal
